
Microsoft Visual Studio Solution File, Format Version 12.00
# Visual Studio Version 17
VisualStudioVersion = 17.11.35219.272
MinimumVisualStudioVersion = 10.0.40219.1
Project("{888888A0-9F3D-457C-B088-3A5042F75D52}") = "test-texttochatbot", "test-texttochatbot.pyproj", "{C35F1E49-0531-4635-953E-9EFA3E17A5F0}"
EndProject
Global
	GlobalSection(SolutionConfigurationPlatforms) = preSolution
		Debug|Any CPU = Debug|Any CPU
		Release|Any CPU = Release|Any CPU
	EndGlobalSection
	GlobalSection(ProjectConfigurationPlatforms) = postSolution
		{C35F1E49-0531-4635-953E-9EFA3E17A5F0}.Debug|Any CPU.ActiveCfg = Debug|Any CPU
		{C35F1E49-0531-4635-953E-9EFA3E17A5F0}.Release|Any CPU.ActiveCfg = Release|Any CPU
	EndGlobalSection
	GlobalSection(SolutionProperties) = preSolution
		HideSolutionNode = FALSE
	EndGlobalSection
	GlobalSection(ExtensibilityGlobals) = postSolution
		SolutionGuid = {5075A3DA-536A-4DDC-87DD-17351C89D94C}
	EndGlobalSection
EndGlobal
